// !$*UTF8*$!
{
	archiveVersion = 1;
	classes = {
	};
	objectVersion = 50;
	objects = {

/* Begin PBXBuildFile section */
		BA0C65F02508E23A00E5B87B /* RoutinesModel.swift in Sources */ = {isa = PBXBuildFile; fileRef = BA0C65EF2508E23A00E5B87B /* RoutinesModel.swift */; };
		BA0C65F22508E25600E5B87B /* Routines.swift in Sources */ = {isa = PBXBuildFile; fileRef = BA0C65F12508E25600E5B87B /* Routines.swift */; };
		BA0C65F42508E28D00E5B87B /* Extensions.swift in Sources */ = {isa = PBXBuildFile; fileRef = BA0C65F32508E28D00E5B87B /* Extensions.swift */; };
		BA19B541250BAF3900E7F01E /* TimerViewController.swift in Sources */ = {isa = PBXBuildFile; fileRef = BA19B540250BAF3900E7F01E /* TimerViewController.swift */; };
		BA41132F24AE086300403B54 /* AppDelegate.swift in Sources */ = {isa = PBXBuildFile; fileRef = BA41132E24AE086300403B54 /* AppDelegate.swift */; };
		BA41133124AE086300403B54 /* SceneDelegate.swift in Sources */ = {isa = PBXBuildFile; fileRef = BA41133024AE086300403B54 /* SceneDelegate.swift */; };
		BA41133324AE086300403B54 /* ViewController.swift in Sources */ = {isa = PBXBuildFile; fileRef = BA41133224AE086300403B54 /* ViewController.swift */; };
		BA41133624AE086300403B54 /* Main.storyboard in Resources */ = {isa = PBXBuildFile; fileRef = BA41133424AE086300403B54 /* Main.storyboard */; };
		BA41133824AE086400403B54 /* Assets.xcassets in Resources */ = {isa = PBXBuildFile; fileRef = BA41133724AE086400403B54 /* Assets.xcassets */; };
		BA41133B24AE086500403B54 /* LaunchScreen.storyboard in Resources */ = {isa = PBXBuildFile; fileRef = BA41133924AE086500403B54 /* LaunchScreen.storyboard */; };
		BAD0FDFE24AE31BE00D2115F /* SummaryViewController.swift in Sources */ = {isa = PBXBuildFile; fileRef = BAD0FDFD24AE31BE00D2115F /* SummaryViewController.swift */; };
/* End PBXBuildFile section */

/* Begin PBXFileReference section */
		BA0C65EF2508E23A00E5B87B /* RoutinesModel.swift */ = {isa = PBXFileReference; lastKnownFileType = sourcecode.swift; path = RoutinesModel.swift; sourceTree = "<group>"; };
		BA0C65F12508E25600E5B87B /* Routines.swift */ = {isa = PBXFileReference; lastKnownFileType = sourcecode.swift; path = Routines.swift; sourceTree = "<group>"; };
		BA0C65F32508E28D00E5B87B /* Extensions.swift */ = {isa = PBXFileReference; lastKnownFileType = sourcecode.swift; path = Extensions.swift; sourceTree = "<group>"; };
		BA19B540250BAF3900E7F01E /* TimerViewController.swift */ = {isa = PBXFileReference; lastKnownFileType = sourcecode.swift; path = TimerViewController.swift; sourceTree = "<group>"; };
		BA41132B24AE086300403B54 /* hiit IT.app */ = {isa = PBXFileReference; explicitFileType = wrapper.application; includeInIndex = 0; path = "hiit IT.app"; sourceTree = BUILT_PRODUCTS_DIR; };
		BA41132E24AE086300403B54 /* AppDelegate.swift */ = {isa = PBXFileReference; lastKnownFileType = sourcecode.swift; path = AppDelegate.swift; sourceTree = "<group>"; };
		BA41133024AE086300403B54 /* SceneDelegate.swift */ = {isa = PBXFileReference; lastKnownFileType = sourcecode.swift; path = SceneDelegate.swift; sourceTree = "<group>"; };
		BA41133224AE086300403B54 /* ViewController.swift */ = {isa = PBXFileReference; lastKnownFileType = sourcecode.swift; path = ViewController.swift; sourceTree = "<group>"; };
		BA41133524AE086300403B54 /* Base */ = {isa = PBXFileReference; lastKnownFileType = file.storyboard; name = Base; path = Base.lproj/Main.storyboard; sourceTree = "<group>"; };
		BA41133724AE086400403B54 /* Assets.xcassets */ = {isa = PBXFileReference; lastKnownFileType = folder.assetcatalog; path = Assets.xcassets; sourceTree = "<group>"; };
		BA41133A24AE086500403B54 /* Base */ = {isa = PBXFileReference; lastKnownFileType = file.storyboard; name = Base; path = Base.lproj/LaunchScreen.storyboard; sourceTree = "<group>"; };
		BA41133C24AE086500403B54 /* Info.plist */ = {isa = PBXFileReference; lastKnownFileType = text.plist.xml; path = Info.plist; sourceTree = "<group>"; };
		BAD0FDFD24AE31BE00D2115F /* SummaryViewController.swift */ = {isa = PBXFileReference; lastKnownFileType = sourcecode.swift; path = SummaryViewController.swift; sourceTree = "<group>"; };
/* End PBXFileReference section */

/* Begin PBXFrameworksBuildPhase section */
		BA41132824AE086300403B54 /* Frameworks */ = {
			isa = PBXFrameworksBuildPhase;
			buildActionMask = 2147483647;
			files = (
			);
			runOnlyForDeploymentPostprocessing = 0;
		};
/* End PBXFrameworksBuildPhase section */

/* Begin PBXGroup section */
		BA41132224AE086300403B54 = {
			isa = PBXGroup;
			children = (
				BA41132D24AE086300403B54 /* hiit IT */,
				BA41132C24AE086300403B54 /* Products */,
			);
			sourceTree = "<group>";
		};
		BA41132C24AE086300403B54 /* Products */ = {
			isa = PBXGroup;
			children = (
				BA41132B24AE086300403B54 /* hiit IT.app */,
			);
			name = Products;
			sourceTree = "<group>";
		};
		BA41132D24AE086300403B54 /* hiit IT */ = {
			isa = PBXGroup;
			children = (
				BA41132E24AE086300403B54 /* AppDelegate.swift */,
				BA41133024AE086300403B54 /* SceneDelegate.swift */,
				BA41133424AE086300403B54 /* Main.storyboard */,
				BA41133224AE086300403B54 /* ViewController.swift */,
				BA19B540250BAF3900E7F01E /* TimerViewController.swift */,
				BAD0FDFD24AE31BE00D2115F /* SummaryViewController.swift */,
				BA41133724AE086400403B54 /* Assets.xcassets */,
				BA41133924AE086500403B54 /* LaunchScreen.storyboard */,
				BA41133C24AE086500403B54 /* Info.plist */,
				BA0C65EF2508E23A00E5B87B /* RoutinesModel.swift */,
				BA0C65F12508E25600E5B87B /* Routines.swift */,
				BA0C65F32508E28D00E5B87B /* Extensions.swift */,
			);
			path = "hiit IT";
			sourceTree = "<group>";
		};
/* End PBXGroup section */

/* Begin PBXNativeTarget section */
		BA41132A24AE086300403B54 /* hiit IT */ = {
			isa = PBXNativeTarget;
			buildConfigurationList = BA41133F24AE086500403B54 /* Build configuration list for PBXNativeTarget "hiit IT" */;
			buildPhases = (
				BA41132724AE086300403B54 /* Sources */,
				BA41132824AE086300403B54 /* Frameworks */,
				BA41132924AE086300403B54 /* Resources */,
			);
			buildRules = (
			);
			dependencies = (
			);
			name = "hiit IT";
			productName = "hiit IT";
			productReference = BA41132B24AE086300403B54 /* hiit IT.app */;
			productType = "com.apple.product-type.application";
		};
/* End PBXNativeTarget section */

/* Begin PBXProject section */
		BA41132324AE086300403B54 /* Project object */ = {
			isa = PBXProject;
			attributes = {
				LastSwiftUpdateCheck = 1150;
				LastUpgradeCheck = 1150;
				ORGANIZATIONNAME = "Emily Widjaja";
				TargetAttributes = {
					BA41132A24AE086300403B54 = {
						CreatedOnToolsVersion = 11.5;
					};
				};
			};
			buildConfigurationList = BA41132624AE086300403B54 /* Build configuration list for PBXProject "hiit IT" */;
			compatibilityVersion = "Xcode 9.3";
			developmentRegion = en;
			hasScannedForEncodings = 0;
			knownRegions = (
				en,
				Base,
			);
			mainGroup = BA41132224AE086300403B54;
			productRefGroup = BA41132C24AE086300403B54 /* Products */;
			projectDirPath = "";
			projectRoot = "";
			targets = (
				BA41132A24AE086300403B54 /* hiit IT */,
			);
		};
/* End PBXProject section */

/* Begin PBXResourcesBuildPhase section */
		BA41132924AE086300403B54 /* Resources */ = {
			isa = PBXResourcesBuildPhase;
			buildActionMask = 2147483647;
			files = (
				BA41133B24AE086500403B54 /* LaunchScreen.storyboard in Resources */,
				BA41133824AE086400403B54 /* Assets.xcassets in Resources */,
				BA41133624AE086300403B54 /* Main.storyboard in Resources */,
			);
			runOnlyForDeploymentPostprocessing = 0;
		};
/* End PBXResourcesBuildPhase section */

/* Begin PBXSourcesBuildPhase section */
		BA41132724AE086300403B54 /* Sources */ = {
			isa = PBXSourcesBuildPhase;
			buildActionMask = 2147483647;
			files = (
				BA41133324AE086300403B54 /* ViewController.swift in Sources */,
				BA41132F24AE086300403B54 /* AppDelegate.swift in Sources */,
				BA0C65F22508E25600E5B87B /* Routines.swift in Sources */,
				BA41133124AE086300403B54 /* SceneDelegate.swift in Sources */,
				BA19B541250BAF3900E7F01E /* TimerViewController.swift in Sources */,
				BAD0FDFE24AE31BE00D2115F /* SummaryViewController.swift in Sources */,
				BA0C65F02508E23A00E5B87B /* RoutinesModel.swift in Sources */,
				BA0C65F42508E28D00E5B87B /* Extensions.swift in Sources */,
			);
			runOnlyForDeploymentPostprocessing = 0;
		};
/* End PBXSourcesBuildPhase section */

/* Begin PBXVariantGroup section */
		BA41133424AE086300403B54 /* Main.storyboard */ = {
			isa = PBXVariantGroup;
			children = (
				BA41133524AE086300403B54 /* Base */,
			);
			name = Main.storyboard;
			sourceTree = "<group>";
		};
		BA41133924AE086500403B54 /* LaunchScreen.storyboard */ = {
			isa = PBXVariantGroup;
			children = (
				BA41133A24AE086500403B54 /* Base */,
			);
			name = LaunchScreen.storyboard;
			sourceTree = "<group>";
		};
/* End PBXVariantGroup section */

/* Begin XCBuildConfiguration section */
		BA41133D24AE086500403B54 /* Debug */ = {
			isa = XCBuildConfiguration;
			buildSettings = {
				ALWAYS_SEARCH_USER_PATHS = NO;
				CLANG_ANALYZER_NONNULL = YES;
				CLANG_ANALYZER_NUMBER_OBJECT_CONVERSION = YES_AGGRESSIVE;
				CLANG_CXX_LANGUAGE_STANDARD = "gnu++14";
				CLANG_CXX_LIBRARY = "libc++";
				CLANG_ENABLE_MODULES = YES;
				CLANG_ENABLE_OBJC_ARC = YES;
				CLANG_ENABLE_OBJC_WEAK = YES;
				CLANG_WARN_BLOCK_CAPTURE_AUTORELEASING = YES;
				CLANG_WARN_BOOL_CONVERSION = YES;
				CLANG_WARN_COMMA = YES;
				CLANG_WARN_CONSTANT_CONVERSION = YES;
				CLANG_WARN_DEPRECATED_OBJC_IMPLEMENTATIONS = YES;
				CLANG_WARN_DIRECT_OBJC_ISA_USAGE = YES_ERROR;
				CLANG_WARN_DOCUMENTATION_COMMENTS = YES;
				CLANG_WARN_EMPTY_BODY = YES;
				CLANG_WARN_ENUM_CONVERSION = YES;
				CLANG_WARN_INFINITE_RECURSION = YES;
				CLANG_WARN_INT_CONVERSION = YES;
				CLANG_WARN_NON_LITERAL_NULL_CONVERSION = YES;
				CLANG_WARN_OBJC_IMPLICIT_RETAIN_SELF = YES;
				CLANG_WARN_OBJC_LITERAL_CONVERSION = YES;
				CLANG_WARN_OBJC_ROOT_CLASS = YES_ERROR;
				CLANG_WARN_RANGE_LOOP_ANALYSIS = YES;
				CLANG_WARN_STRICT_PROTOTYPES = YES;
				CLANG_WARN_SUSPICIOUS_MOVE = YES;
				CLANG_WARN_UNGUARDED_AVAILABILITY = YES_AGGRESSIVE;
				CLANG_WARN_UNREACHABLE_CODE = YES;
				CLANG_WARN__DUPLICATE_METHOD_MATCH = YES;
				COPY_PHASE_STRIP = NO;
				DEBUG_INFORMATION_FORMAT = dwarf;
				ENABLE_STRICT_OBJC_MSGSEND = YES;
				ENABLE_TESTABILITY = YES;
				GCC_C_LANGUAGE_STANDARD = gnu11;
				GCC_DYNAMIC_NO_PIC = NO;
				GCC_NO_COMMON_BLOCKS = YES;
				GCC_OPTIMIZATION_LEVEL = 0;
				GCC_PREPROCESSOR_DEFINITIONS = (
					"DEBUG=1",
					"$(inherited)",
				);
				GCC_WARN_64_TO_32_BIT_CONVERSION = YES;
				GCC_WARN_ABOUT_RETURN_TYPE = YES_ERROR;
				GCC_WARN_UNDECLARED_SELECTOR = YES;
				GCC_WARN_UNINITIALIZED_AUTOS = YES_AGGRESSIVE;
				GCC_WARN_UNUSED_FUNCTION = YES;
				GCC_WARN_UNUSED_VARIABLE = YES;
				IPHONEOS_DEPLOYMENT_TARGET = 13.5;
				MTL_ENABLE_DEBUG_INFO = INCLUDE_SOURCE;
				MTL_FAST_MATH = YES;
				ONLY_ACTIVE_ARCH = YES;
				SDKROOT = iphoneos;
				SWIFT_ACTIVE_COMPILATION_CONDITIONS = DEBUG;
				SWIFT_OPTIMIZATION_LEVEL = "-Onone";
			};
			name = Debug;
		};
		BA41133E24AE086500403B54 /* Release */ = {
			isa = XCBuildConfiguration;
			buildSettings = {
				ALWAYS_SEARCH_USER_PATHS = NO;
				CLANG_ANALYZER_NONNULL = YES;
				CLANG_ANALYZER_NUMBER_OBJECT_CONVERSION = YES_AGGRESSIVE;
				CLANG_CXX_LANGUAGE_STANDARD = "gnu++14";
				CLANG_CXX_LIBRARY = "libc++";
				CLANG_ENABLE_MODULES = YES;
				CLANG_ENABLE_OBJC_ARC = YES;
				CLANG_ENABLE_OBJC_WEAK = YES;
				CLANG_WARN_BLOCK_CAPTURE_AUTORELEASING = YES;
				CLANG_WARN_BOOL_CONVERSION = YES;
				CLANG_WARN_COMMA = YES;
				CLANG_WARN_CONSTANT_CONVERSION = YES;
				CLANG_WARN_DEPRECATED_OBJC_IMPLEMENTATIONS = YES;
				CLANG_WARN_DIRECT_OBJC_ISA_USAGE = YES_ERROR;
				CLANG_WARN_DOCUMENTATION_COMMENTS = YES;
				CLANG_WARN_EMPTY_BODY = YES;
				CLANG_WARN_ENUM_CONVERSION = YES;
				CLANG_WARN_INFINITE_RECURSION = YES;
				CLANG_WARN_INT_CONVERSION = YES;
				CLANG_WARN_NON_LITERAL_NULL_CONVERSION = YES;
				CLANG_WARN_OBJC_IMPLICIT_RETAIN_SELF = YES;
				CLANG_WARN_OBJC_LITERAL_CONVERSION = YES;
				CLANG_WARN_OBJC_ROOT_CLASS = YES_ERROR;
				CLANG_WARN_RANGE_LOOP_ANALYSIS = YES;
				CLANG_WARN_STRICT_PROTOTYPES = YES;
				CLANG_WARN_SUSPICIOUS_MOVE = YES;
				CLANG_WARN_UNGUARDED_AVAILABILITY = YES_AGGRESSIVE;
				CLANG_WARN_UNREACHABLE_CODE = YES;
				CLANG_WARN__DUPLICATE_METHOD_MATCH = YES;
				COPY_PHASE_STRIP = NO;
				DEBUG_INFORMATION_FORMAT = "dwarf-with-dsym";
				ENABLE_NS_ASSERTIONS = NO;
				ENABLE_STRICT_OBJC_MSGSEND = YES;
				GCC_C_LANGUAGE_STANDARD = gnu11;
				GCC_NO_COMMON_BLOCKS = YES;
				GCC_WARN_64_TO_32_BIT_CONVERSION = YES;
				GCC_WARN_ABOUT_RETURN_TYPE = YES_ERROR;
				GCC_WARN_UNDECLARED_SELECTOR = YES;
				GCC_WARN_UNINITIALIZED_AUTOS = YES_AGGRESSIVE;
				GCC_WARN_UNUSED_FUNCTION = YES;
				GCC_WARN_UNUSED_VARIABLE = YES;
				IPHONEOS_DEPLOYMENT_TARGET = 13.5;
				MTL_ENABLE_DEBUG_INFO = NO;
				MTL_FAST_MATH = YES;
				SDKROOT = iphoneos;
				SWIFT_COMPILATION_MODE = wholemodule;
				SWIFT_OPTIMIZATION_LEVEL = "-O";
				VALIDATE_PRODUCT = YES;
			};
			name = Release;
		};
		BA41134024AE086500403B54 /* Debug */ = {
			isa = XCBuildConfiguration;
			buildSettings = {
				ASSETCATALOG_COMPILER_APPICON_NAME = AppIcon;
				CODE_SIGN_STYLE = Automatic;
				INFOPLIST_FILE = "hiit IT/Info.plist";
				LD_RUNPATH_SEARCH_PATHS = (
					"$(inherited)",
					"@executable_path/Frameworks",
				);
				PRODUCT_BUNDLE_IDENTIFIER = "com.EmsWidjaja.hiit-IT";
				PRODUCT_NAME = "$(TARGET_NAME)";
				SWIFT_VERSION = 5.0;
				TARGETED_DEVICE_FAMILY = "1,2";
			};
			name = Debug;
		};
		BA41134124AE086500403B54 /* Release */ = {
			isa = XCBuildConfiguration;
			buildSettings = {
				ASSETCATALOG_COMPILER_APPICON_NAME = AppIcon;
				CODE_SIGN_STYLE = Automatic;
				INFOPLIST_FILE = "hiit IT/Info.plist";
				LD_RUNPATH_SEARCH_PATHS = (
					"$(inherited)",
					"@executable_path/Frameworks",
				);
				PRODUCT_BUNDLE_IDENTIFIER = "com.EmsWidjaja.hiit-IT";
				PRODUCT_NAME = "$(TARGET_NAME)";
				SWIFT_VERSION = 5.0;
				TARGETED_DEVICE_FAMILY = "1,2";
			};
			name = Release;
		};
/* End XCBuildConfiguration section */

/* Begin XCConfigurationList section */
		BA41132624AE086300403B54 /* Build configuration list for PBXProject "hiit IT" */ = {
			isa = XCConfigurationList;
			buildConfigurations = (
				BA41133D24AE086500403B54 /* Debug */,
				BA41133E24AE086500403B54 /* Release */,
			);
			defaultConfigurationIsVisible = 0;
			defaultConfigurationName = Release;
		};
		BA41133F24AE086500403B54 /* Build configuration list for PBXNativeTarget "hiit IT" */ = {
			isa = XCConfigurationList;
			buildConfigurations = (
				BA41134024AE086500403B54 /* Debug */,
				BA41134124AE086500403B54 /* Release */,
			);
			defaultConfigurationIsVisible = 0;
			defaultConfigurationName = Release;
		};
/* End XCConfigurationList section */
	};
	rootObject = BA41132324AE086300403B54 /* Project object */;
}
